
Microsoft Visual Studio Solution File, Format Version 12.00
# Visual Studio Version 16
VisualStudioVersion = 16.0.32428.217
MinimumVisualStudioVersion = 10.0.40219.1
Project("{F184B08F-C81C-45F6-A57F-5ABD9991F28F}") = "rs232-thread", "rs232-thread.vbproj", "{AC96508C-AD0A-4EB8-AFCD-EC8B16050FAA}"
EndProject
Global
	GlobalSection(SolutionConfigurationPlatforms) = preSolution
		Debug|Any CPU = Debug|Any CPU
		Release|Any CPU = Release|Any CPU
	EndGlobalSection
	GlobalSection(ProjectConfigurationPlatforms) = postSolution
		{AC96508C-AD0A-4EB8-AFCD-EC8B16050FAA}.Debug|Any CPU.ActiveCfg = Debug|Any CPU
		{AC96508C-AD0A-4EB8-AFCD-EC8B16050FAA}.Debug|Any CPU.Build.0 = Debug|Any CPU
		{AC96508C-AD0A-4EB8-AFCD-EC8B16050FAA}.Release|Any CPU.ActiveCfg = Release|Any CPU
		{AC96508C-AD0A-4EB8-AFCD-EC8B16050FAA}.Release|Any CPU.Build.0 = Release|Any CPU
	EndGlobalSection
	GlobalSection(SolutionProperties) = preSolution
		HideSolutionNode = FALSE
	EndGlobalSection
	GlobalSection(ExtensibilityGlobals) = postSolution
		SolutionGuid = {AC697A83-A921-4629-89BF-856AE5D139D5}
	EndGlobalSection
EndGlobal
